
Microsoft Visual Studio Solution File, Format Version 12.00
# Visual Studio Version 17
VisualStudioVersion = 17.1.32228.430
MinimumVisualStudioVersion = 10.0.40219.1
Project("{9A19103F-16F7-4668-BE54-9A1E7A4F7556}") = "SearchQuery", "SearchQuery\SearchQuery.csproj", "{86529C6F-90C3-486B-B9AE-F5382213AC48}"
EndProject
Project("{9A19103F-16F7-4668-BE54-9A1E7A4F7556}") = "SearchQuery.Tests", "SearchQuery.Tests\SearchQuery.Tests.csproj", "{2C0E4F61-42FA-4F35-B333-A19E12EC5FBE}"
EndProject
Project("{2150E333-8FDC-42A3-9474-1A3956D46DE8}") = "Solution Items", "Solution Items", "{77612AAB-3957-4A10-9542-AF357D4B4A7A}"
	ProjectSection(SolutionItems) = preProject
		.editorconfig = .editorconfig
	EndProjectSection
EndProject
Global
	GlobalSection(SolutionConfigurationPlatforms) = preSolution
		Debug|Any CPU = Debug|Any CPU
		Release|Any CPU = Release|Any CPU
	EndGlobalSection
	GlobalSection(ProjectConfigurationPlatforms) = postSolution
		{86529C6F-90C3-486B-B9AE-F5382213AC48}.Debug|Any CPU.ActiveCfg = Debug|Any CPU
		{86529C6F-90C3-486B-B9AE-F5382213AC48}.Debug|Any CPU.Build.0 = Debug|Any CPU
		{86529C6F-90C3-486B-B9AE-F5382213AC48}.Release|Any CPU.ActiveCfg = Release|Any CPU
		{86529C6F-90C3-486B-B9AE-F5382213AC48}.Release|Any CPU.Build.0 = Release|Any CPU
		{2C0E4F61-42FA-4F35-B333-A19E12EC5FBE}.Debug|Any CPU.ActiveCfg = Debug|Any CPU
		{2C0E4F61-42FA-4F35-B333-A19E12EC5FBE}.Debug|Any CPU.Build.0 = Debug|Any CPU
		{2C0E4F61-42FA-4F35-B333-A19E12EC5FBE}.Release|Any CPU.ActiveCfg = Release|Any CPU
		{2C0E4F61-42FA-4F35-B333-A19E12EC5FBE}.Release|Any CPU.Build.0 = Release|Any CPU
	EndGlobalSection
	GlobalSection(SolutionProperties) = preSolution
		HideSolutionNode = FALSE
	EndGlobalSection
	GlobalSection(ExtensibilityGlobals) = postSolution
		SolutionGuid = {DE6C3BA0-8BC5-493A-9E91-43C480DF602C}
	EndGlobalSection
EndGlobal
